// !$*UTF8*$!
{
	archiveVersion = 1;
	classes = {
	};
	objectVersion = 46;
	objects = {
		321298FC077C214AE742B60C = {
			isa = PBXBuildFile;
			fileRef = 4031786050D4968BE8DB9311;
		};
		AD1C6046D5397F06B8E78CB7 = {
			isa = PBXBuildFile;
			fileRef = F6F9AA53054E4A86B8603573;
		};
		A644D45BBD258CFAA42D2700 = {
			isa = PBXBuildFile;
			fileRef = 38523644EBF02373D668AC90;
		};
		2A4DBB269A4815CEFF4A87BB = {
			isa = PBXBuildFile;
			fileRef = 37C7ECC8013CC750B976888B;
		};
		F2F1C7D242D04FFEE0A1F1B3 = {
			isa = PBXBuildFile;
			fileRef = F95AB959A3C5C68E1647D62F;
		};
		1F5AF601336203904DBC4BCE = {
			isa = PBXBuildFile;
			fileRef = F9F53BB35014F68ABB15309E;
		};
		BC388916959199362F881B09 = {
			isa = PBXBuildFile;
			fileRef = CDE79745B4763E92DC43B167;
		};
		2B48EBB98480D14FB7FA335B = {
			isa = PBXBuildFile;
			fileRef = ABFACC4473B79335BCDF68A9;
		};
		E566E7D22D7A551E30A38F8C = {
			isa = PBXBuildFile;
			fileRef = B19A4E1820FA867DD0DF5336;
		};
		804022310DA54E4B68E4F707 = {
			isa = PBXBuildFile;
			fileRef = 81C6B1167A9FB40376A0449F;
		};
		63B8831E3F7C4F2F755EED25 = {
			isa = PBXBuildFile;
			fileRef = BD37B862048C4334FA1F4D72;
		};
		33FDF3A6ECB0E5833B1665F7 = {
			isa = PBXBuildFile;
			fileRef = 97AB49415FB9FC4531CB4AE6;
		};
		9EF539B979E86F746CF9AFD2 = {
			isa = PBXBuildFile;
			fileRef = 6EF4B4C0C6C166FA5C785B24;
		};
		326BAF3CCAA6DD33B749E04A = {
			isa = PBXBuildFile;
			fileRef = 5D5AC1D8AB5E408D0A0A448B;
		};
		395C45F61B82A70A9D152FAF = {
			isa = PBXBuildFile;
			fileRef = 091C265333AC8EB036DB32DC;
		};
		7B1D25094DDC530509E47981 = {
			isa = PBXBuildFile;
			fileRef = DDF377424177FA093DBF3012;
		};
		FE626A2F1334E6E04BFA1B91 = {
			isa = PBXBuildFile;
			fileRef = FA7DEA6BFC2CB6DEE589CA35;
		};
		583FBE9EF017BB8ACE5B04AF = {
			isa = PBXBuildFile;
			fileRef = 0C14761AF8C6308D225C27D4;
		};
		57E8E87D34C5AD7F328E30D3 = {
			isa = PBXBuildFile;
			fileRef = 37330A76EF739D64F16B8D54;
		};
		68E8F89C1AD621ED60568436 = {
			isa = PBXBuildFile;
			fileRef = 73BAF4299CFEA570B1B2263F;
		};
		8D2F75D105D76227B67998EA = {
			isa = PBXBuildFile;
			fileRef = 524AA53C675683AC9AC24A18;
		};
		088EB2544FDF830664B70082 = {
			isa = PBXBuildFile;
			fileRef = 6DBEFC876D2D60DFDD4D779E;
		};
		B78D769966A560923C0E7020 = {
			isa = PBXBuildFile;
			fileRef = 5C9A51C2411CBC776F92B40C;
		};
		E9E4FD935A8F1DBDDD92CA6D = {
			isa = PBXBuildFile;
			fileRef = 771E7A105FE846E36284B78C;
		};
		7CC6AC44C0144ABECA9C165A = {
			isa = PBXBuildFile;
			fileRef = C8D7FFA23313287D34F713E8;
		};
		B4C4B4F3C825C79ED9C32693 = {
			isa = PBXBuildFile;
			fileRef = E3D516A6AFAC983182FA29F5;
		};
		BEFE82A64CA4AC20AB679FB2 = {
			isa = PBXBuildFile;
			fileRef = B531AD911CAF902395708A6D;
		};
		9DF363974DCD51639AAD0197 = {
			isa = PBXBuildFile;
			fileRef = A47DFCE46E19E9B89501E9E3;
		};
		E81BB9EED58381961BBC4314 = {
			isa = PBXBuildFile;
			fileRef = CD6BAEFF95DE0517FB9C94FF;
		};
		B2D3137376F8E502ABABD781 = {
			isa = PBXBuildFile;
			fileRef = AA493E15065BBE4BEFC949B3;
		};
		5537FC6CD8A8029DBF32AA6A = {
			isa = PBXBuildFile;
			fileRef = 852B5D14C392885F04A49DCD;
		};
		4DC39735AA50E09DF97F672A = {
			isa = PBXBuildFile;
			fileRef = AF9ECB714D8DFE27AE5268DA;
		};
		6AA64DD4B7029A2A3A394663 = {
			isa = PBXBuildFile;
			fileRef = D52DA112015A58BC15CE9301;
		};
		45E44F4BEA7BC8CA99C21530 = {
			isa = PBXBuildFile;
			fileRef = 29BC0B9A11DB9C20458668E7;
		};
		24831EAFDACD36B2D204B221 = {
			isa = PBXBuildFile;
			fileRef = 54DF82923E964F367EE542D9;
		};
		CFC6C21761AA1A803C78B9BC = {
			isa = PBXBuildFile;
			fileRef = BEA926B835912D450D465894;
		};
		9486B145CA8C7B9EAC327D27 = {
			isa = PBXBuildFile;
			fileRef = 7D97294C07B03A3A3CDE4AC5;
		};
		300E09DDAB61346E0B52988D = {
			isa = PBXBuildFile;
			fileRef = 619098763F026D1F40DE1AF4;
		};
		94901058AC0B006A552AE4F6 = {
			isa = PBXBuildFile;
			fileRef = E844674DACC50F1046FFD337;
		};
		063B85C922CC195946116BEA = {
			isa = PBXFileReference;
			lastKnownFileType = file;
			name = "juce_audio_devices";
			path = "/Users/johnevans/Documents/Sdks/JUCE/modules/juce_audio_devices";
			sourceTree = "<absolute>";
		};
		091C265333AC8EB036DB32DC = {
			isa = PBXFileReference;
			lastKnownFileType = wrapper.framework;
			name = QuartzCore.framework;
			path = System/Library/Frameworks/QuartzCore.framework;
			sourceTree = SDKROOT;
		};
		0C14761AF8C6308D225C27D4 = {
			isa = PBXFileReference;
			lastKnownFileType = sourcecode.cpp.cpp;
			name = PluginProcessor.cpp;
			path = ../../Source/PluginProcessor.cpp;
			sourceTree = "SOURCE_ROOT";
		};
		0C77B459F1A34782D2F1AD29 = {
			isa = PBXFileReference;
			lastKnownFileType = file;
			name = "juce_audio_basics";
			path = "/Users/johnevans/Documents/Sdks/JUCE/modules/juce_audio_basics";
			sourceTree = "<absolute>";
		};
		1E597D47EFC8F924B13467C4 = {
			isa = PBXFileReference;
			lastKnownFileType = file;
			name = "juce_audio_processors";
			path = "/Users/johnevans/Documents/Sdks/JUCE/modules/juce_audio_processors";
			sourceTree = "<absolute>";
		};
		22B97CA43871FFC227C31306 = {
			isa = PBXFileReference;
			lastKnownFileType = sourcecode.c.h;
			name = PluginProcessor.h;
			path = ../../Source/PluginProcessor.h;
			sourceTree = "SOURCE_ROOT";
		};
		29BC0B9A11DB9C20458668E7 = {
			isa = PBXFileReference;
			lastKnownFileType = sourcecode.cpp.objcpp;
			name = "include_juce_dsp.mm";
			path = "../../JuceLibraryCode/include_juce_dsp.mm";
			sourceTree = "SOURCE_ROOT";
		};
		327E54071A7C627FA0AD7581 = {
			isa = PBXFileReference;
			lastKnownFileType = file;
			name = "juce_dsp";
			path = "/Users/johnevans/Documents/Sdks/JUCE/modules/juce_dsp";
			sourceTree = "<absolute>";
		};
		37330A76EF739D64F16B8D54 = {
			isa = PBXFileReference;
			lastKnownFileType = sourcecode.cpp.cpp;
			name = PluginEditor.cpp;
			path = ../../Source/PluginEditor.cpp;
			sourceTree = "SOURCE_ROOT";
		};
		377A930588E3E273984CB4C7 = {
			isa = PBXFileReference;
			lastKnownFileType = file;
			name = "juce_gui_basics";
			path = "/Users/johnevans/Documents/Sdks/JUCE/modules/juce_gui_basics";
			sourceTree = "<absolute>";
		};
		37C7ECC8013CC750B976888B = {
			isa = PBXFileReference;
			lastKnownFileType = wrapper.framework;
			name = Accelerate.framework;
			path = System/Library/Frameworks/Accelerate.framework;
			sourceTree = SDKROOT;
		};
		4031786050D4968BE8DB9311 = {
			isa = PBXFileReference;
			explicitFileType = wrapper.cfbundle;
			includeInIndex = 0;
			path = "Evans_A2.vst3";
			sourceTree = "BUILT_PRODUCTS_DIR";
		};
		4BEBA1F167F9F4C6235D8F18 = {
			isa = PBXFileReference;
			lastKnownFileType = text.plist.xml;
			name = "Info-VST3.plist";
			path = "Info-VST3.plist";
			sourceTree = "SOURCE_ROOT";
		};
		54DF82923E964F367EE542D9 = {
			isa = PBXFileReference;
			lastKnownFileType = sourcecode.cpp.objcpp;
			name = "include_juce_events.mm";
			path = "../../JuceLibraryCode/include_juce_events.mm";
			sourceTree = "SOURCE_ROOT";
		};
		619098763F026D1F40DE1AF4 = {
			isa = PBXFileReference;
			lastKnownFileType = sourcecode.cpp.objcpp;
			name = "include_juce_gui_extra.mm";
			path = "../../JuceLibraryCode/include_juce_gui_extra.mm";
			sourceTree = "SOURCE_ROOT";
		};
		6EF4B4C0C6C166FA5C785B24 = {
			isa = PBXFileReference;
			lastKnownFileType = wrapper.framework;
			name = IOKit.framework;
			path = System/Library/Frameworks/IOKit.framework;
			sourceTree = SDKROOT;
		};
		81C6B1167A9FB40376A0449F = {
			isa = PBXFileReference;
			lastKnownFileType = wrapper.framework;
			name = CoreAudioKit.framework;
			path = System/Library/Frameworks/CoreAudioKit.framework;
			sourceTree = SDKROOT;
		};
		97AB49415FB9FC4531CB4AE6 = {
			isa = PBXFileReference;
			lastKnownFileType = wrapper.framework;
			name = DiscRecording.framework;
			path = System/Library/Frameworks/DiscRecording.framework;
			sourceTree = SDKROOT;
		};
		F6F9AA53054E4A86B8603573 = {
			isa = PBXFileReference;
			explicitFileType = wrapper.cfbundle;
			includeInIndex = 0;
			path = "Evans_A2.component";
			sourceTree = "BUILT_PRODUCTS_DIR";
		};
		38523644EBF02373D668AC90 = {
			isa = PBXFileReference;
			explicitFileType = archive.ar;
			includeInIndex = 0;
			path = "libEvans_A2.a";
			sourceTree = "BUILT_PRODUCTS_DIR";
		};
		3FB7B41AAFD7B88E5C517235 = {
			isa = PBXFileReference;
			lastKnownFileType = text.plist.xml;
			name = "Info-AU.plist";
			path = "Info-AU.plist";
			sourceTree = "SOURCE_ROOT";
		};
		4077AD330F7F14503986A50D = {
			isa = PBXFileReference;
			lastKnownFileType = file;
			name = "juce_core";
			path = "/Users/johnevans/Documents/Sdks/JUCE/modules/juce_core";
			sourceTree = "<absolute>";
		};
		43B32860FE286A0BFE835CC0 = {
			isa = PBXFileReference;
			lastKnownFileType = file;
			name = "juce_audio_utils";
			path = "/Users/johnevans/Documents/Sdks/JUCE/modules/juce_audio_utils";
			sourceTree = "<absolute>";
		};
		4BD29227DD79F4BAACE5A7AB = {
			isa = PBXFileReference;
			lastKnownFileType = file;
			name = "juce_cryptography";
			path = "/Users/johnevans/Documents/Sdks/JUCE/modules/juce_cryptography";
			sourceTree = "<absolute>";
		};
		524AA53C675683AC9AC24A18 = {
			isa = PBXFileReference;
			lastKnownFileType = sourcecode.cpp.objcpp;
			name = "include_juce_audio_devices.mm";
			path = "../../JuceLibraryCode/include_juce_audio_devices.mm";
			sourceTree = "SOURCE_ROOT";
		};
		54EFCFC9A169A7BC9BF1045F = {
			isa = PBXFileReference;
			lastKnownFileType = file;
			name = "juce_data_structures";
			path = "/Users/johnevans/Documents/Sdks/JUCE/modules/juce_data_structures";
			sourceTree = "<absolute>";
		};
		5C9A51C2411CBC776F92B40C = {
			isa = PBXFileReference;
			lastKnownFileType = file.r;
			name = "include_juce_audio_plugin_client_AU.r";
			path = "../../JuceLibraryCode/include_juce_audio_plugin_client_AU.r";
			sourceTree = "SOURCE_ROOT";
		};
		5D5AC1D8AB5E408D0A0A448B = {
			isa = PBXFileReference;
			lastKnownFileType = wrapper.framework;
			name = OpenGL.framework;
			path = System/Library/Frameworks/OpenGL.framework;
			sourceTree = SDKROOT;
		};
		647CF0BAEA6FF3C5F4108AA4 = {
			isa = PBXFileReference;
			lastKnownFileType = file;
			name = "juce_audio_plugin_client";
			path = "/Users/johnevans/Documents/Sdks/JUCE/modules/juce_audio_plugin_client";
			sourceTree = "<absolute>";
		};
		6DBEFC876D2D60DFDD4D779E = {
			isa = PBXFileReference;
			lastKnownFileType = sourcecode.cpp.objcpp;
			name = "include_juce_audio_formats.mm";
			path = "../../JuceLibraryCode/include_juce_audio_formats.mm";
			sourceTree = "SOURCE_ROOT";
		};
		73BAF4299CFEA570B1B2263F = {
			isa = PBXFileReference;
			lastKnownFileType = sourcecode.cpp.objcpp;
			name = "include_juce_audio_basics.mm";
			path = "../../JuceLibraryCode/include_juce_audio_basics.mm";
			sourceTree = "SOURCE_ROOT";
		};
		771E7A105FE846E36284B78C = {
			isa = PBXFileReference;
			lastKnownFileType = sourcecode.cpp.objcpp;
			name = "include_juce_audio_plugin_client_AU_1.mm";
			path = "../../JuceLibraryCode/include_juce_audio_plugin_client_AU_1.mm";
			sourceTree = "SOURCE_ROOT";
		};
		7D97294C07B03A3A3CDE4AC5 = {
			isa = PBXFileReference;
			lastKnownFileType = sourcecode.cpp.objcpp;
			name = "include_juce_gui_basics.mm";
			path = "../../JuceLibraryCode/include_juce_gui_basics.mm";
			sourceTree = "SOURCE_ROOT";
		};
		852B5D14C392885F04A49DCD = {
			isa = PBXFileReference;
			lastKnownFileType = sourcecode.cpp.objcpp;
			name = "include_juce_core.mm";
			path = "../../JuceLibraryCode/include_juce_core.mm";
			sourceTree = "SOURCE_ROOT";
		};
		86B85B20CD58E453F2C22352 = {
			isa = PBXFileReference;
			lastKnownFileType = file;
			name = "juce_opengl";
			path = "/Users/johnevans/Documents/Sdks/JUCE/modules/juce_opengl";
			sourceTree = "<absolute>";
		};
		8C6963EAB0F1D365007D358F = {
			isa = PBXFileReference;
			lastKnownFileType = file;
			name = "juce_events";
			path = "/Users/johnevans/Documents/Sdks/JUCE/modules/juce_events";
			sourceTree = "<absolute>";
		};
		A47DFCE46E19E9B89501E9E3 = {
			isa = PBXFileReference;
			lastKnownFileType = sourcecode.cpp.cpp;
			name = "include_juce_audio_plugin_client_VST3.cpp";
			path = "../../JuceLibraryCode/include_juce_audio_plugin_client_VST3.cpp";
			sourceTree = "SOURCE_ROOT";
		};
		AA493E15065BBE4BEFC949B3 = {
			isa = PBXFileReference;
			lastKnownFileType = sourcecode.cpp.objcpp;
			name = "include_juce_audio_utils.mm";
			path = "../../JuceLibraryCode/include_juce_audio_utils.mm";
			sourceTree = "SOURCE_ROOT";
		};
		ABFACC4473B79335BCDF68A9 = {
			isa = PBXFileReference;
			lastKnownFileType = wrapper.framework;
			name = Cocoa.framework;
			path = System/Library/Frameworks/Cocoa.framework;
			sourceTree = SDKROOT;
		};
		ADCBCA53B51C6932A1DE8007 = {
			isa = PBXFileReference;
			lastKnownFileType = sourcecode.c.h;
			name = JuceHeader.h;
			path = ../../JuceLibraryCode/JuceHeader.h;
			sourceTree = "SOURCE_ROOT";
		};
		AF9ECB714D8DFE27AE5268DA = {
			isa = PBXFileReference;
			lastKnownFileType = sourcecode.cpp.objcpp;
			name = "include_juce_cryptography.mm";
			path = "../../JuceLibraryCode/include_juce_cryptography.mm";
			sourceTree = "SOURCE_ROOT";
		};
		AFDB9BB9FCDE3A892CED9610 = {
			isa = PBXFileReference;
			lastKnownFileType = sourcecode.c.h;
			name = AppConfig.h;
			path = ../../JuceLibraryCode/AppConfig.h;
			sourceTree = "SOURCE_ROOT";
		};
		B19A4E1820FA867DD0DF5336 = {
			isa = PBXFileReference;
			lastKnownFileType = wrapper.framework;
			name = CoreAudio.framework;
			path = System/Library/Frameworks/CoreAudio.framework;
			sourceTree = SDKROOT;
		};
		B531AD911CAF902395708A6D = {
			isa = PBXFileReference;
			lastKnownFileType = sourcecode.cpp.objcpp;
			name = "include_juce_audio_plugin_client_VST_utils.mm";
			path = "../../JuceLibraryCode/include_juce_audio_plugin_client_VST_utils.mm";
			sourceTree = "SOURCE_ROOT";
		};
		B54CFDC0B26683B9B982E35D = {
			isa = PBXFileReference;
			lastKnownFileType = file;
			name = "juce_gui_extra";
			path = "/Users/johnevans/Documents/Sdks/JUCE/modules/juce_gui_extra";
			sourceTree = "<absolute>";
		};
		BAEE955DBC80E845A1BD0C60 = {
			isa = PBXFileReference;
			lastKnownFileType = file;
			name = "juce_audio_formats";
			path = "/Users/johnevans/Documents/Sdks/JUCE/modules/juce_audio_formats";
			sourceTree = "<absolute>";
		};
		BD37B862048C4334FA1F4D72 = {
			isa = PBXFileReference;
			lastKnownFileType = wrapper.framework;
			name = CoreMIDI.framework;
			path = System/Library/Frameworks/CoreMIDI.framework;
			sourceTree = SDKROOT;
		};
		BEA926B835912D450D465894 = {
			isa = PBXFileReference;
			lastKnownFileType = sourcecode.cpp.objcpp;
			name = "include_juce_graphics.mm";
			path = "../../JuceLibraryCode/include_juce_graphics.mm";
			sourceTree = "SOURCE_ROOT";
		};
		C8D7FFA23313287D34F713E8 = {
			isa = PBXFileReference;
			lastKnownFileType = sourcecode.cpp.objcpp;
			name = "include_juce_audio_plugin_client_AU_2.mm";
			path = "../../JuceLibraryCode/include_juce_audio_plugin_client_AU_2.mm";
			sourceTree = "SOURCE_ROOT";
		};
		CD6BAEFF95DE0517FB9C94FF = {
			isa = PBXFileReference;
			lastKnownFileType = sourcecode.cpp.objcpp;
			name = "include_juce_audio_processors.mm";
			path = "../../JuceLibraryCode/include_juce_audio_processors.mm";
			sourceTree = "SOURCE_ROOT";
		};
		CDE79745B4763E92DC43B167 = {
			isa = PBXFileReference;
			lastKnownFileType = wrapper.framework;
			name = Carbon.framework;
			path = System/Library/Frameworks/Carbon.framework;
			sourceTree = SDKROOT;
		};
		D3A7890C41F204C9466283FE = {
			isa = PBXFileReference;
			lastKnownFileType = sourcecode.c.h;
			name = PluginEditor.h;
			path = ../../Source/PluginEditor.h;
			sourceTree = "SOURCE_ROOT";
		};
		D52DA112015A58BC15CE9301 = {
			isa = PBXFileReference;
			lastKnownFileType = sourcecode.cpp.objcpp;
			name = "include_juce_data_structures.mm";
			path = "../../JuceLibraryCode/include_juce_data_structures.mm";
			sourceTree = "SOURCE_ROOT";
		};
		DDF377424177FA093DBF3012 = {
			isa = PBXFileReference;
			lastKnownFileType = wrapper.framework;
			name = WebKit.framework;
			path = System/Library/Frameworks/WebKit.framework;
			sourceTree = SDKROOT;
		};
		E3D516A6AFAC983182FA29F5 = {
			isa = PBXFileReference;
			lastKnownFileType = sourcecode.cpp.cpp;
			name = "include_juce_audio_plugin_client_utils.cpp";
			path = "../../JuceLibraryCode/include_juce_audio_plugin_client_utils.cpp";
			sourceTree = "SOURCE_ROOT";
		};
		E844674DACC50F1046FFD337 = {
			isa = PBXFileReference;
			lastKnownFileType = sourcecode.cpp.objcpp;
			name = "include_juce_opengl.mm";
			path = "../../JuceLibraryCode/include_juce_opengl.mm";
			sourceTree = "SOURCE_ROOT";
		};
		E9A2B5BCBB642F0DB74E94BE = {
			isa = PBXFileReference;
			lastKnownFileType = text.plist.xml;
			name = "Evans_A2.entitlements";
			path = "Evans_A2.entitlements";
			sourceTree = "SOURCE_ROOT";
		};
		EFA9135DE8665F958C01EF05 = {
			isa = PBXFileReference;
			lastKnownFileType = file;
			name = "juce_graphics";
			path = "/Users/johnevans/Documents/Sdks/JUCE/modules/juce_graphics";
			sourceTree = "<absolute>";
		};
		F95AB959A3C5C68E1647D62F = {
			isa = PBXFileReference;
			lastKnownFileType = wrapper.framework;
			name = AudioToolbox.framework;
			path = System/Library/Frameworks/AudioToolbox.framework;
			sourceTree = SDKROOT;
		};
		F9F53BB35014F68ABB15309E = {
			isa = PBXFileReference;
			lastKnownFileType = wrapper.framework;
			name = AudioUnit.framework;
			path = System/Library/Frameworks/AudioUnit.framework;
			sourceTree = SDKROOT;
		};
		FA7DEA6BFC2CB6DEE589CA35 = {
			isa = PBXFileReference;
			lastKnownFileType = file.nib;
			name = RecentFilesMenuTemplate.nib;
			path = RecentFilesMenuTemplate.nib;
			sourceTree = "SOURCE_ROOT";
		};
		20C92BBAC232BA7C4BD748F0 = {
			isa = PBXGroup;
			children = (
				0C14761AF8C6308D225C27D4,
				22B97CA43871FFC227C31306,
				37330A76EF739D64F16B8D54,
				D3A7890C41F204C9466283FE,
			);
			name = Source;
			sourceTree = "<group>";
		};
		43BC60919FB918439710F9AB = {
			isa = PBXGroup;
			children = (
				20C92BBAC232BA7C4BD748F0,
			);
			name = "Evans_A2";
			sourceTree = "<group>";
		};
		4114EF84299059565AAE8354 = {
			isa = PBXGroup;
			children = (
				0C77B459F1A34782D2F1AD29,
				063B85C922CC195946116BEA,
				BAEE955DBC80E845A1BD0C60,
				647CF0BAEA6FF3C5F4108AA4,
				1E597D47EFC8F924B13467C4,
				43B32860FE286A0BFE835CC0,
				4077AD330F7F14503986A50D,
				4BD29227DD79F4BAACE5A7AB,
				54EFCFC9A169A7BC9BF1045F,
				327E54071A7C627FA0AD7581,
				8C6963EAB0F1D365007D358F,
				EFA9135DE8665F958C01EF05,
				377A930588E3E273984CB4C7,
				B54CFDC0B26683B9B982E35D,
				86B85B20CD58E453F2C22352,
			);
			name = "JUCE Modules";
			sourceTree = "<group>";
		};
		FB469010143B54C956C5C5E7 = {
			isa = PBXGroup;
			children = (
				AFDB9BB9FCDE3A892CED9610,
				73BAF4299CFEA570B1B2263F,
				524AA53C675683AC9AC24A18,
				6DBEFC876D2D60DFDD4D779E,
				5C9A51C2411CBC776F92B40C,
				771E7A105FE846E36284B78C,
				C8D7FFA23313287D34F713E8,
				E3D516A6AFAC983182FA29F5,
				B531AD911CAF902395708A6D,
				A47DFCE46E19E9B89501E9E3,
				CD6BAEFF95DE0517FB9C94FF,
				AA493E15065BBE4BEFC949B3,
				852B5D14C392885F04A49DCD,
				AF9ECB714D8DFE27AE5268DA,
				D52DA112015A58BC15CE9301,
				29BC0B9A11DB9C20458668E7,
				54DF82923E964F367EE542D9,
				BEA926B835912D450D465894,
				7D97294C07B03A3A3CDE4AC5,
				619098763F026D1F40DE1AF4,
				E844674DACC50F1046FFD337,
				ADCBCA53B51C6932A1DE8007,
			);
			name = "JUCE Library Code";
			sourceTree = "<group>";
		};
		B8414DFDDCF7F4B15AE08786 = {
			isa = PBXGroup;
			children = (
				4BEBA1F167F9F4C6235D8F18,
				3FB7B41AAFD7B88E5C517235,
				FA7DEA6BFC2CB6DEE589CA35,
			);
			name = Resources;
			sourceTree = "<group>";
		};
		5B5D5F8BB2E18CBBB8D4A8E3 = {
			isa = PBXGroup;
			children = (
				37C7ECC8013CC750B976888B,
				F95AB959A3C5C68E1647D62F,
				F9F53BB35014F68ABB15309E,
				CDE79745B4763E92DC43B167,
				ABFACC4473B79335BCDF68A9,
				B19A4E1820FA867DD0DF5336,
				81C6B1167A9FB40376A0449F,
				BD37B862048C4334FA1F4D72,
				97AB49415FB9FC4531CB4AE6,
				6EF4B4C0C6C166FA5C785B24,
				5D5AC1D8AB5E408D0A0A448B,
				091C265333AC8EB036DB32DC,
				DDF377424177FA093DBF3012,
			);
			name = Frameworks;
			sourceTree = "<group>";
		};
		E552C544CB15430427A14744 = {
			isa = PBXGroup;
			children = (
				4031786050D4968BE8DB9311,
				F6F9AA53054E4A86B8603573,
				38523644EBF02373D668AC90,
			);
			name = Products;
			sourceTree = "<group>";
		};
		E8A8C34FEB780A4E8AFC31EC = {
			isa = PBXGroup;
			children = (
				E9A2B5BCBB642F0DB74E94BE,
				43BC60919FB918439710F9AB,
				4114EF84299059565AAE8354,
				FB469010143B54C956C5C5E7,
				B8414DFDDCF7F4B15AE08786,
				5B5D5F8BB2E18CBBB8D4A8E3,
				E552C544CB15430427A14744,
			);
			name = Source;
			sourceTree = "<group>";
		};
		A4AA8B1C3A3302A24AEC383D = {
			isa = XCBuildConfiguration;
			buildSettings = {
				MACOSX_DEPLOYMENT_TARGET = 10.11;
			};
			name = Debug;
		};
		B6491CEEA5FDCB4EB3E01E2E = {
			isa = XCBuildConfiguration;
			buildSettings = {
				MACOSX_DEPLOYMENT_TARGET = 10.11;
			};
			name = Release;
		};
		78E243BD25337E920F381807 = {
			isa = XCBuildConfiguration;
			buildSettings = {
				CLANG_CXX_LANGUAGE_STANDARD = "c++14";
				CLANG_CXX_LIBRARY = "libc++";
				CLANG_LINK_OBJC_RUNTIME = NO;
				COMBINE_HIDPI_IMAGES = YES;
				CONFIGURATION_BUILD_DIR = "$(PROJECT_DIR)/build/$(CONFIGURATION)";
				COPY_PHASE_STRIP = NO;
				DEPLOYMENT_LOCATION = YES;
				DSTROOT = /;
				GCC_DYNAMIC_NO_PIC = NO;
				GCC_OPTIMIZATION_LEVEL = 0;
				GCC_PREPROCESSOR_DEFINITIONS = (
					"_DEBUG=1",
					"DEBUG=1",
					"JUCER_XCODE_MAC_F6D2F4CF=1",
					"JUCE_APP_VERSION=1.0.0",
					"JUCE_APP_VERSION_HEX=0x10000",
					"JucePlugin_Build_VST=0",
					"JucePlugin_Build_VST3=1",
					"JucePlugin_Build_AU=0",
					"JucePlugin_Build_AUv3=0",
					"JucePlugin_Build_RTAS=0",
					"JucePlugin_Build_AAX=0",
					"JucePlugin_Build_Standalone=0",
					"JucePlugin_Build_Unity=0",
				);
				GCC_VERSION = com.apple.compilers.llvm.clang.1_0;
				GENERATE_PKGINFO_FILE = YES;
				HEADER_SEARCH_PATHS = (
					"/Users/johnevans/Documents/Sdks/VST_SDK/VST3_SDK",
					"../../JuceLibraryCode",
					"/Users/johnevans/Documents/Sdks/JUCE/modules",
					"/Users/johnevans/Documents/Sdks/JUCE/modules/juce_audio_plugin_client",
					"$(inherited)",
				);
				INFOPLIST_FILE = Info-VST3.plist;
				INFOPLIST_PREPROCESS = NO;
				INSTALL_PATH = "$(HOME)/Library/Audio/Plug-Ins/VST3/";
				LIBRARY_STYLE = Bundle;
				MACOSX_DEPLOYMENT_TARGET = 10.11;
				OTHER_LDFLAGS = "-bundle -lEvans_A2";
				PRODUCT_BUNDLE_IDENTIFIER = com.yourcompany.Evans_A2;
				PRODUCT_NAME = "Evans_A2";
				USE_HEADERMAP = NO;
				WRAPPER_EXTENSION = vst3;
			};
			name = Debug;
		};
		A99F8C32A5917FB204B3AF75 = {
			isa = XCBuildConfiguration;
			buildSettings = {
				CLANG_CXX_LANGUAGE_STANDARD = "c++14";
				CLANG_CXX_LIBRARY = "libc++";
				CLANG_LINK_OBJC_RUNTIME = NO;
				COMBINE_HIDPI_IMAGES = YES;
				CONFIGURATION_BUILD_DIR = "$(PROJECT_DIR)/build/$(CONFIGURATION)";
				DEAD_CODE_STRIPPING = YES;
				DEPLOYMENT_LOCATION = YES;
				DSTROOT = /;
				GCC_GENERATE_DEBUGGING_SYMBOLS = NO;
				GCC_OPTIMIZATION_LEVEL = 3;
				GCC_PREPROCESSOR_DEFINITIONS = (
					"_NDEBUG=1",
					"NDEBUG=1",
					"JUCER_XCODE_MAC_F6D2F4CF=1",
					"JUCE_APP_VERSION=1.0.0",
					"JUCE_APP_VERSION_HEX=0x10000",
					"JucePlugin_Build_VST=0",
					"JucePlugin_Build_VST3=1",
					"JucePlugin_Build_AU=0",
					"JucePlugin_Build_AUv3=0",
					"JucePlugin_Build_RTAS=0",
					"JucePlugin_Build_AAX=0",
					"JucePlugin_Build_Standalone=0",
					"JucePlugin_Build_Unity=0",
				);
				GCC_SYMBOLS_PRIVATE_EXTERN = YES;
				GCC_VERSION = com.apple.compilers.llvm.clang.1_0;
				GENERATE_PKGINFO_FILE = YES;
				HEADER_SEARCH_PATHS = (
					"/Users/johnevans/Documents/Sdks/VST_SDK/VST3_SDK",
					"../../JuceLibraryCode",
					"/Users/johnevans/Documents/Sdks/JUCE/modules",
					"/Users/johnevans/Documents/Sdks/JUCE/modules/juce_audio_plugin_client",
					"$(inherited)",
				);
				INFOPLIST_FILE = Info-VST3.plist;
				INFOPLIST_PREPROCESS = NO;
				INSTALL_PATH = "$(HOME)/Library/Audio/Plug-Ins/VST3/";
				LIBRARY_STYLE = Bundle;
				LLVM_LTO = YES;
				MACOSX_DEPLOYMENT_TARGET = 10.11;
				OTHER_LDFLAGS = "-bundle -lEvans_A2";
				PRODUCT_BUNDLE_IDENTIFIER = com.yourcompany.Evans_A2;
				PRODUCT_NAME = "Evans_A2";
				USE_HEADERMAP = NO;
				WRAPPER_EXTENSION = vst3;
			};
			name = Release;
		};
		A9730C06AD129A0DBDE10634 = {
			isa = XCBuildConfiguration;
			buildSettings = {
				CLANG_CXX_LANGUAGE_STANDARD = "c++14";
				CLANG_CXX_LIBRARY = "libc++";
				CLANG_LINK_OBJC_RUNTIME = NO;
				COMBINE_HIDPI_IMAGES = YES;
				CONFIGURATION_BUILD_DIR = "$(PROJECT_DIR)/build/$(CONFIGURATION)";
				COPY_PHASE_STRIP = NO;
				DEPLOYMENT_LOCATION = YES;
				DSTROOT = /;
				GCC_DYNAMIC_NO_PIC = NO;
				GCC_OPTIMIZATION_LEVEL = 0;
				GCC_PREPROCESSOR_DEFINITIONS = (
					"_DEBUG=1",
					"DEBUG=1",
					"JUCER_XCODE_MAC_F6D2F4CF=1",
					"JUCE_APP_VERSION=1.0.0",
					"JUCE_APP_VERSION_HEX=0x10000",
					"JucePlugin_Build_VST=0",
					"JucePlugin_Build_VST3=0",
					"JucePlugin_Build_AU=1",
					"JucePlugin_Build_AUv3=0",
					"JucePlugin_Build_RTAS=0",
					"JucePlugin_Build_AAX=0",
					"JucePlugin_Build_Standalone=0",
					"JucePlugin_Build_Unity=0",
				);
				GCC_VERSION = com.apple.compilers.llvm.clang.1_0;
				GENERATE_PKGINFO_FILE = YES;
				HEADER_SEARCH_PATHS = (
					"/Users/johnevans/Documents/Sdks/VST_SDK/VST3_SDK",
					"../../JuceLibraryCode",
					"/Users/johnevans/Documents/Sdks/JUCE/modules",
					"/Users/johnevans/Documents/Sdks/JUCE/modules/juce_audio_plugin_client",
					"$(inherited)",
				);
				INFOPLIST_FILE = Info-AU.plist;
				INFOPLIST_PREPROCESS = NO;
				INSTALL_PATH = "$(HOME)/Library/Audio/Plug-Ins/Components/";
				LIBRARY_STYLE = Bundle;
				MACOSX_DEPLOYMENT_TARGET = 10.11;
				OTHER_LDFLAGS = "-bundle -lEvans_A2";
				OTHER_REZFLAGS = "-d ppc_$ppc -d i386_$i386 -d ppc64_$ppc64 -d x86_64_$x86_64 -I /System/Library/Frameworks/CoreServices.framework/Frameworks/CarbonCore.framework/Versions/A/Headers -I \"$(DEVELOPER_DIR)/Extras/CoreAudio/AudioUnits/AUPublic/AUBase\"";
				PRODUCT_BUNDLE_IDENTIFIER = com.yourcompany.Evans_A2;
				PRODUCT_NAME = "Evans_A2";
				USE_HEADERMAP = NO;
				WRAPPER_EXTENSION = component;
			};
			name = Debug;
		};
		D33C236073DAD7519AEF908C = {
			isa = XCBuildConfiguration;
			buildSettings = {
				CLANG_CXX_LANGUAGE_STANDARD = "c++14";
				CLANG_CXX_LIBRARY = "libc++";
				CLANG_LINK_OBJC_RUNTIME = NO;
				COMBINE_HIDPI_IMAGES = YES;
				CONFIGURATION_BUILD_DIR = "$(PROJECT_DIR)/build/$(CONFIGURATION)";
				DEAD_CODE_STRIPPING = YES;
				DEPLOYMENT_LOCATION = YES;
				DSTROOT = /;
				GCC_GENERATE_DEBUGGING_SYMBOLS = NO;
				GCC_OPTIMIZATION_LEVEL = 3;
				GCC_PREPROCESSOR_DEFINITIONS = (
					"_NDEBUG=1",
					"NDEBUG=1",
					"JUCER_XCODE_MAC_F6D2F4CF=1",
					"JUCE_APP_VERSION=1.0.0",
					"JUCE_APP_VERSION_HEX=0x10000",
					"JucePlugin_Build_VST=0",
					"JucePlugin_Build_VST3=0",
					"JucePlugin_Build_AU=1",
					"JucePlugin_Build_AUv3=0",
					"JucePlugin_Build_RTAS=0",
					"JucePlugin_Build_AAX=0",
					"JucePlugin_Build_Standalone=0",
					"JucePlugin_Build_Unity=0",
				);
				GCC_SYMBOLS_PRIVATE_EXTERN = YES;
				GCC_VERSION = com.apple.compilers.llvm.clang.1_0;
				GENERATE_PKGINFO_FILE = YES;
				HEADER_SEARCH_PATHS = (
					"/Users/johnevans/Documents/Sdks/VST_SDK/VST3_SDK",
					"../../JuceLibraryCode",
					"/Users/johnevans/Documents/Sdks/JUCE/modules",
					"/Users/johnevans/Documents/Sdks/JUCE/modules/juce_audio_plugin_client",
					"$(inherited)",
				);
				INFOPLIST_FILE = Info-AU.plist;
				INFOPLIST_PREPROCESS = NO;
				INSTALL_PATH = "$(HOME)/Library/Audio/Plug-Ins/Components/";
				LIBRARY_STYLE = Bundle;
				LLVM_LTO = YES;
				MACOSX_DEPLOYMENT_TARGET = 10.11;
				OTHER_LDFLAGS = "-bundle -lEvans_A2";
				OTHER_REZFLAGS = "-d ppc_$ppc -d i386_$i386 -d ppc64_$ppc64 -d x86_64_$x86_64 -I /System/Library/Frameworks/CoreServices.framework/Frameworks/CarbonCore.framework/Versions/A/Headers -I \"$(DEVELOPER_DIR)/Extras/CoreAudio/AudioUnits/AUPublic/AUBase\"";
				PRODUCT_BUNDLE_IDENTIFIER = com.yourcompany.Evans_A2;
				PRODUCT_NAME = "Evans_A2";
				USE_HEADERMAP = NO;
				WRAPPER_EXTENSION = component;
			};
			name = Release;
		};
		8EE934BE550DBED37A89746A = {
			isa = XCBuildConfiguration;
			buildSettings = {
				CLANG_CXX_LANGUAGE_STANDARD = "c++14";
				CLANG_CXX_LIBRARY = "libc++";
				CLANG_LINK_OBJC_RUNTIME = NO;
				COMBINE_HIDPI_IMAGES = YES;
				CONFIGURATION_BUILD_DIR = "$(PROJECT_DIR)/build/$(CONFIGURATION)";
				COPY_PHASE_STRIP = NO;
				GCC_DYNAMIC_NO_PIC = NO;
				GCC_OPTIMIZATION_LEVEL = 0;
				GCC_PREPROCESSOR_DEFINITIONS = (
					"_DEBUG=1",
					"DEBUG=1",
					"JUCER_XCODE_MAC_F6D2F4CF=1",
					"JUCE_APP_VERSION=1.0.0",
					"JUCE_APP_VERSION_HEX=0x10000",
					"JucePlugin_Build_VST=0",
					"JucePlugin_Build_VST3=1",
					"JucePlugin_Build_AU=1",
					"JucePlugin_Build_AUv3=0",
					"JucePlugin_Build_RTAS=0",
					"JucePlugin_Build_AAX=0",
					"JucePlugin_Build_Standalone=0",
					"JucePlugin_Build_Unity=0",
					"JUCE_SHARED_CODE=1",
				);
				GCC_VERSION = com.apple.compilers.llvm.clang.1_0;
				HEADER_SEARCH_PATHS = (
					"/Users/johnevans/Documents/Sdks/VST_SDK/VST3_SDK",
					"../../JuceLibraryCode",
					"/Users/johnevans/Documents/Sdks/JUCE/modules",
					"/Users/johnevans/Documents/Sdks/JUCE/modules/juce_audio_plugin_client",
					"$(inherited)",
				);
				INSTALL_PATH = "@executable_path/../Frameworks";
				MACOSX_DEPLOYMENT_TARGET = 10.11;
				PRODUCT_BUNDLE_IDENTIFIER = com.yourcompany.Evans_A2;
				PRODUCT_NAME = "Evans_A2";
				SKIP_INSTALL = YES;
				USE_HEADERMAP = NO;
			};
			name = Debug;
		};
		F83C7E8675C5A16E568B5256 = {
			isa = XCBuildConfiguration;
			buildSettings = {
				CLANG_CXX_LANGUAGE_STANDARD = "c++14";
				CLANG_CXX_LIBRARY = "libc++";
				CLANG_LINK_OBJC_RUNTIME = NO;
				COMBINE_HIDPI_IMAGES = YES;
				CONFIGURATION_BUILD_DIR = "$(PROJECT_DIR)/build/$(CONFIGURATION)";
				DEAD_CODE_STRIPPING = YES;
				GCC_GENERATE_DEBUGGING_SYMBOLS = NO;
				GCC_OPTIMIZATION_LEVEL = 3;
				GCC_PREPROCESSOR_DEFINITIONS = (
					"_NDEBUG=1",
					"NDEBUG=1",
					"JUCER_XCODE_MAC_F6D2F4CF=1",
					"JUCE_APP_VERSION=1.0.0",
					"JUCE_APP_VERSION_HEX=0x10000",
					"JucePlugin_Build_VST=0",
					"JucePlugin_Build_VST3=1",
					"JucePlugin_Build_AU=1",
					"JucePlugin_Build_AUv3=0",
					"JucePlugin_Build_RTAS=0",
					"JucePlugin_Build_AAX=0",
					"JucePlugin_Build_Standalone=0",
					"JucePlugin_Build_Unity=0",
					"JUCE_SHARED_CODE=1",
				);
				GCC_SYMBOLS_PRIVATE_EXTERN = YES;
				GCC_VERSION = com.apple.compilers.llvm.clang.1_0;
				HEADER_SEARCH_PATHS = (
					"/Users/johnevans/Documents/Sdks/VST_SDK/VST3_SDK",
					"../../JuceLibraryCode",
					"/Users/johnevans/Documents/Sdks/JUCE/modules",
					"/Users/johnevans/Documents/Sdks/JUCE/modules/juce_audio_plugin_client",
					"$(inherited)",
				);
				INSTALL_PATH = "@executable_path/../Frameworks";
				LLVM_LTO = YES;
				MACOSX_DEPLOYMENT_TARGET = 10.11;
				PRODUCT_BUNDLE_IDENTIFIER = com.yourcompany.Evans_A2;
				PRODUCT_NAME = "Evans_A2";
				SKIP_INSTALL = YES;
				USE_HEADERMAP = NO;
			};
			name = Release;
		};
		BEEA96BEA0263C8DC98F5A5B = {
			isa = XCBuildConfiguration;
			buildSettings = {
				ALWAYS_SEARCH_USER_PATHS = NO;
				CLANG_ENABLE_OBJC_WEAK = YES;
				CLANG_WARN_BLOCK_CAPTURE_AUTORELEASING = YES;
				CLANG_WARN_BOOL_CONVERSION = YES;
				CLANG_WARN_COMMA = YES;
				CLANG_WARN_CONSTANT_CONVERSION = YES;
				CLANG_WARN_DEPRECATED_OBJC_IMPLEMENTATIONS = YES;
				CLANG_WARN_EMPTY_BODY = YES;
				CLANG_WARN_ENUM_CONVERSION = YES;
				CLANG_WARN_INFINITE_RECURSION = YES;
				CLANG_WARN_INT_CONVERSION = YES;
				CLANG_WARN_NON_LITERAL_NULL_CONVERSION = YES;
				CLANG_WARN_OBJC_IMPLICIT_RETAIN_SELF = YES;
				CLANG_WARN_OBJC_LITERAL_CONVERSION = YES;
				CLANG_WARN_RANGE_LOOP_ANALYSIS = YES;
				CLANG_WARN_STRICT_PROTOTYPES = YES;
				CLANG_WARN_SUSPICIOUS_MOVE = YES;
				CLANG_WARN_UNREACHABLE_CODE = YES;
				CLANG_WARN__DUPLICATE_METHOD_MATCH = YES;
				DEBUG_INFORMATION_FORMAT = dwarf;
				ENABLE_STRICT_OBJC_MSGSEND = YES;
				ENABLE_TESTABILITY = YES;
				GCC_C_LANGUAGE_STANDARD = c11;
				GCC_INLINES_ARE_PRIVATE_EXTERN = YES;
				GCC_MODEL_TUNING = G5;
				GCC_NO_COMMON_BLOCKS = YES;
				GCC_WARN_64_TO_32_BIT_CONVERSION = YES;
				GCC_WARN_ABOUT_RETURN_TYPE = YES;
				GCC_WARN_CHECK_SWITCH_STATEMENTS = YES;
				GCC_WARN_MISSING_PARENTHESES = YES;
				GCC_WARN_NON_VIRTUAL_DESTRUCTOR = YES;
				GCC_WARN_TYPECHECK_CALLS_TO_PRINTF = YES;
				GCC_WARN_UNDECLARED_SELECTOR = YES;
				GCC_WARN_UNINITIALIZED_AUTOS = YES;
				GCC_WARN_UNUSED_FUNCTION = YES;
				GCC_WARN_UNUSED_VARIABLE = YES;
				ONLY_ACTIVE_ARCH = YES;
				PRODUCT_NAME = "Evans_A2";
				WARNING_CFLAGS = "-Wreorder";
				ZERO_LINK = NO;
			};
			name = Debug;
		};
		2DA82AD8581461CAD3C47DF6 = {
			isa = XCBuildConfiguration;
			buildSettings = {
				ALWAYS_SEARCH_USER_PATHS = NO;
				CLANG_ENABLE_OBJC_WEAK = YES;
				CLANG_WARN_BLOCK_CAPTURE_AUTORELEASING = YES;
				CLANG_WARN_BOOL_CONVERSION = YES;
				CLANG_WARN_COMMA = YES;
				CLANG_WARN_CONSTANT_CONVERSION = YES;
				CLANG_WARN_DEPRECATED_OBJC_IMPLEMENTATIONS = YES;
				CLANG_WARN_EMPTY_BODY = YES;
				CLANG_WARN_ENUM_CONVERSION = YES;
				CLANG_WARN_INFINITE_RECURSION = YES;
				CLANG_WARN_INT_CONVERSION = YES;
				CLANG_WARN_NON_LITERAL_NULL_CONVERSION = YES;
				CLANG_WARN_OBJC_IMPLICIT_RETAIN_SELF = YES;
				CLANG_WARN_OBJC_LITERAL_CONVERSION = YES;
				CLANG_WARN_RANGE_LOOP_ANALYSIS = YES;
				CLANG_WARN_STRICT_PROTOTYPES = YES;
				CLANG_WARN_SUSPICIOUS_MOVE = YES;
				CLANG_WARN_UNREACHABLE_CODE = YES;
				CLANG_WARN__DUPLICATE_METHOD_MATCH = YES;
				DEBUG_INFORMATION_FORMAT = dwarf;
				ENABLE_STRICT_OBJC_MSGSEND = YES;
				GCC_C_LANGUAGE_STANDARD = c11;
				GCC_INLINES_ARE_PRIVATE_EXTERN = YES;
				GCC_MODEL_TUNING = G5;
				GCC_NO_COMMON_BLOCKS = YES;
				GCC_WARN_64_TO_32_BIT_CONVERSION = YES;
				GCC_WARN_ABOUT_RETURN_TYPE = YES;
				GCC_WARN_CHECK_SWITCH_STATEMENTS = YES;
				GCC_WARN_MISSING_PARENTHESES = YES;
				GCC_WARN_NON_VIRTUAL_DESTRUCTOR = YES;
				GCC_WARN_TYPECHECK_CALLS_TO_PRINTF = YES;
				GCC_WARN_UNDECLARED_SELECTOR = YES;
				GCC_WARN_UNINITIALIZED_AUTOS = YES;
				GCC_WARN_UNUSED_FUNCTION = YES;
				GCC_WARN_UNUSED_VARIABLE = YES;
				PRODUCT_NAME = "Evans_A2";
				WARNING_CFLAGS = "-Wreorder";
				ZERO_LINK = NO;
			};
			name = Release;
		};
		C074479D379DB87DDE4C68CF = {
			isa = PBXTargetDependency;
			target = 185E05281D9E04949984E3B3;
		};
		2FA4E707FDDF0DF70BCA0144 = {
			isa = PBXTargetDependency;
			target = B839157F1F17D8BA94C3BE0A;
		};
		B5794F9B90FFDF2EDFB1814C = {
			isa = PBXTargetDependency;
			target = C110C64FB5115EFA5AE465F4;
		};
		7E5B710F3E2B0F6EBDD4C198 = {
			isa = XCConfigurationList;
			buildConfigurations = (
				BEEA96BEA0263C8DC98F5A5B,
				2DA82AD8581461CAD3C47DF6,
			);
			defaultConfigurationIsVisible = 0;
			defaultConfigurationName = Debug;
		};
		E2D4D350519C9FA3DA5685A2 = {
			isa = XCConfigurationList;
			buildConfigurations = (
				A4AA8B1C3A3302A24AEC383D,
				B6491CEEA5FDCB4EB3E01E2E,
			);
			defaultConfigurationIsVisible = 0;
			defaultConfigurationName = Debug;
		};
		907A1D269C92334DE39DFE1E = {
			isa = PBXAggregateTarget;
			buildConfigurationList = E2D4D350519C9FA3DA5685A2;
			buildPhases = ( );
			buildRules = ( );
			dependencies = (
				C074479D379DB87DDE4C68CF,
				2FA4E707FDDF0DF70BCA0144,
				B5794F9B90FFDF2EDFB1814C,
			);
			name = "Evans_A2 - All";
			productName = "Evans_A2";
		};
		A41A4CB733FD8E590E6D3843 = {
			isa = XCConfigurationList;
			buildConfigurations = (
				78E243BD25337E920F381807,
				A99F8C32A5917FB204B3AF75,
			);
			defaultConfigurationIsVisible = 0;
			defaultConfigurationName = Debug;
		};
		64C1CD048AF043BC62A67A84 = {
			isa = PBXResourcesBuildPhase;
			buildActionMask = 2147483647;
			files = (
				FE626A2F1334E6E04BFA1B91,
			);
			runOnlyForDeploymentPostprocessing = 0;
		};
		C6C7307BF14F07E837F8CE44 = {
			isa = PBXSourcesBuildPhase;
			buildActionMask = 2147483647;
			files = (
				9DF363974DCD51639AAD0197,
			);
			runOnlyForDeploymentPostprocessing = 0;
		};
		4B00B477B8E17E70C5935C24 = {
			isa = PBXFrameworksBuildPhase;
			buildActionMask = 2147483647;
			files = (
				2A4DBB269A4815CEFF4A87BB,
				F2F1C7D242D04FFEE0A1F1B3,
				1F5AF601336203904DBC4BCE,
				BC388916959199362F881B09,
				2B48EBB98480D14FB7FA335B,
				E566E7D22D7A551E30A38F8C,
				804022310DA54E4B68E4F707,
				63B8831E3F7C4F2F755EED25,
				33FDF3A6ECB0E5833B1665F7,
				9EF539B979E86F746CF9AFD2,
				326BAF3CCAA6DD33B749E04A,
				395C45F61B82A70A9D152FAF,
				7B1D25094DDC530509E47981,
			);
			runOnlyForDeploymentPostprocessing = 0;
		};
		185E05281D9E04949984E3B3 = {
			isa = PBXNativeTarget;
			buildConfigurationList = A41A4CB733FD8E590E6D3843;
			buildPhases = (
				64C1CD048AF043BC62A67A84,
				C6C7307BF14F07E837F8CE44,
				4B00B477B8E17E70C5935C24,
			);
			buildRules = ( );
			dependencies = (
				B5794F9B90FFDF2EDFB1814C,
			);
			name = "Evans_A2 - VST3";
			productName = "Evans_A2";
			productReference = 4031786050D4968BE8DB9311;
			productType = "com.apple.product-type.bundle";
		};
		7B67E3913C4072E63C10A2EA = {
			isa = XCConfigurationList;
			buildConfigurations = (
				A9730C06AD129A0DBDE10634,
				D33C236073DAD7519AEF908C,
			);
			defaultConfigurationIsVisible = 0;
			defaultConfigurationName = Debug;
		};
		F04007527B8001FA433A2FB3 = {
			isa = PBXResourcesBuildPhase;
			buildActionMask = 2147483647;
			files = (
				FE626A2F1334E6E04BFA1B91,
			);
			runOnlyForDeploymentPostprocessing = 0;
		};
		B473D369ABA0C452C389CD86 = {
			isa = PBXRezBuildPhase;
			buildActionMask = 2147483647;
			files = (
				B78D769966A560923C0E7020,
			);
			runOnlyForDeploymentPostprocessing = 0;
		};
		BA9FB18D78D607ED09BE68C7 = {
			isa = PBXSourcesBuildPhase;
			buildActionMask = 2147483647;
			files = (
				E9E4FD935A8F1DBDDD92CA6D,
				7CC6AC44C0144ABECA9C165A,
			);
			runOnlyForDeploymentPostprocessing = 0;
		};
		925120B8B99111BC9BE3C338 = {
			isa = PBXFrameworksBuildPhase;
			buildActionMask = 2147483647;
			files = (
				2A4DBB269A4815CEFF4A87BB,
				F2F1C7D242D04FFEE0A1F1B3,
				1F5AF601336203904DBC4BCE,
				BC388916959199362F881B09,
				2B48EBB98480D14FB7FA335B,
				E566E7D22D7A551E30A38F8C,
				804022310DA54E4B68E4F707,
				63B8831E3F7C4F2F755EED25,
				33FDF3A6ECB0E5833B1665F7,
				9EF539B979E86F746CF9AFD2,
				326BAF3CCAA6DD33B749E04A,
				395C45F61B82A70A9D152FAF,
				7B1D25094DDC530509E47981,
			);
			runOnlyForDeploymentPostprocessing = 0;
		};
		B839157F1F17D8BA94C3BE0A = {
			isa = PBXNativeTarget;
			buildConfigurationList = 7B67E3913C4072E63C10A2EA;
			buildPhases = (
				F04007527B8001FA433A2FB3,
				B473D369ABA0C452C389CD86,
				BA9FB18D78D607ED09BE68C7,
				925120B8B99111BC9BE3C338,
			);
			buildRules = ( );
			dependencies = (
				B5794F9B90FFDF2EDFB1814C,
			);
			name = "Evans_A2 - AU";
			productName = "Evans_A2";
			productReference = F6F9AA53054E4A86B8603573;
			productType = "com.apple.product-type.bundle";
		};
		7C4FCD72B61F09D62A2000A3 = {
			isa = XCConfigurationList;
			buildConfigurations = (
				8EE934BE550DBED37A89746A,
				F83C7E8675C5A16E568B5256,
			);
			defaultConfigurationIsVisible = 0;
			defaultConfigurationName = Debug;
		};
		2CAEFD0D069ABD8C46D328FA = {
			isa = PBXSourcesBuildPhase;
			buildActionMask = 2147483647;
			files = (
				583FBE9EF017BB8ACE5B04AF,
				57E8E87D34C5AD7F328E30D3,
				68E8F89C1AD621ED60568436,
				8D2F75D105D76227B67998EA,
				088EB2544FDF830664B70082,
				B4C4B4F3C825C79ED9C32693,
				BEFE82A64CA4AC20AB679FB2,
				E81BB9EED58381961BBC4314,
				B2D3137376F8E502ABABD781,
				5537FC6CD8A8029DBF32AA6A,
				4DC39735AA50E09DF97F672A,
				6AA64DD4B7029A2A3A394663,
				45E44F4BEA7BC8CA99C21530,
				24831EAFDACD36B2D204B221,
				CFC6C21761AA1A803C78B9BC,
				9486B145CA8C7B9EAC327D27,
				300E09DDAB61346E0B52988D,
				94901058AC0B006A552AE4F6,
			);
			runOnlyForDeploymentPostprocessing = 0;
		};
		C110C64FB5115EFA5AE465F4 = {
			isa = PBXNativeTarget;
			buildConfigurationList = 7C4FCD72B61F09D62A2000A3;
			buildPhases = (
				2CAEFD0D069ABD8C46D328FA,
			);
			buildRules = ( );
			dependencies = ( );
			name = "Evans_A2 - Shared Code";
			productName = "Evans_A2";
			productReference = 38523644EBF02373D668AC90;
			productType = "com.apple.product-type.library.static";
		};
		2BF041EFA3BE10BA333B8375 = {
			isa = PBXProject;
			buildConfigurationList = 7E5B710F3E2B0F6EBDD4C198;
			attributes = { LastUpgradeCheck = 0930; ORGANIZATIONNAME = ""; TargetAttributes = { 907A1D269C92334DE39DFE1E = { SystemCapabilities = {com.apple.ApplicationGroups.iOS = { enabled = 0; }; com.apple.InAppPurchase = { enabled = 0; }; com.apple.InterAppAudio = { enabled = 0; }; com.apple.Push = { enabled = 0; }; com.apple.Sandbox = { enabled = 0; }; com.apple.HardenedRuntime = { enabled = 0; }; }; };185E05281D9E04949984E3B3 = { SystemCapabilities = {com.apple.ApplicationGroups.iOS = { enabled = 0; }; com.apple.InAppPurchase = { enabled = 0; }; com.apple.InterAppAudio = { enabled = 0; }; com.apple.Push = { enabled = 0; }; com.apple.Sandbox = { enabled = 0; }; com.apple.HardenedRuntime = { enabled = 0; }; }; };B839157F1F17D8BA94C3BE0A = { SystemCapabilities = {com.apple.ApplicationGroups.iOS = { enabled = 0; }; com.apple.InAppPurchase = { enabled = 0; }; com.apple.InterAppAudio = { enabled = 0; }; com.apple.Push = { enabled = 0; }; com.apple.Sandbox = { enabled = 0; }; com.apple.HardenedRuntime = { enabled = 0; }; }; };C110C64FB5115EFA5AE465F4 = { SystemCapabilities = {com.apple.ApplicationGroups.iOS = { enabled = 0; }; com.apple.InAppPurchase = { enabled = 0; }; com.apple.InterAppAudio = { enabled = 0; }; com.apple.Push = { enabled = 0; }; com.apple.Sandbox = { enabled = 0; }; com.apple.HardenedRuntime = { enabled = 0; }; }; }; }; };
			compatibilityVersion = "Xcode 3.2";
			hasScannedForEncodings = 0;
			mainGroup = E8A8C34FEB780A4E8AFC31EC;
			projectDirPath = "";
			projectRoot = "";
			targets = (907A1D269C92334DE39DFE1E, 185E05281D9E04949984E3B3, B839157F1F17D8BA94C3BE0A, C110C64FB5115EFA5AE465F4);
			knownRegions = (en, Base);
		};
	};
	rootObject = 2BF041EFA3BE10BA333B8375;
}
